
Microsoft Visual Studio Solution File, Format Version 12.00
# Visual Studio Version 17
VisualStudioVersion = 17.14.36429.23 d17.14
MinimumVisualStudioVersion = 10.0.40219.1
Project("{FAE04EC0-301F-11D3-BF4B-00C04F79EFBC}") = "ControleDeFuncionarios", "ControleDeFuncionarios\ControleDeFuncionarios.csproj", "{43578D89-5599-4C9F-9E07-BD3F46811BC1}"
EndProject
Global
	GlobalSection(SolutionConfigurationPlatforms) = preSolution
		Debug|Any CPU = Debug|Any CPU
		Release|Any CPU = Release|Any CPU
	EndGlobalSection
	GlobalSection(ProjectConfigurationPlatforms) = postSolution
		{43578D89-5599-4C9F-9E07-BD3F46811BC1}.Debug|Any CPU.ActiveCfg = Debug|Any CPU
		{43578D89-5599-4C9F-9E07-BD3F46811BC1}.Debug|Any CPU.Build.0 = Debug|Any CPU
		{43578D89-5599-4C9F-9E07-BD3F46811BC1}.Release|Any CPU.ActiveCfg = Release|Any CPU
		{43578D89-5599-4C9F-9E07-BD3F46811BC1}.Release|Any CPU.Build.0 = Release|Any CPU
	EndGlobalSection
	GlobalSection(SolutionProperties) = preSolution
		HideSolutionNode = FALSE
	EndGlobalSection
	GlobalSection(ExtensibilityGlobals) = postSolution
		SolutionGuid = {58454F0B-012B-42A8-8B2B-DBB228A7E3D5}
	EndGlobalSection
EndGlobal
